
Microsoft Visual Studio Solution File, Format Version 12.00
# Visual Studio Version 16
VisualStudioVersion = 16.0.29411.108
MinimumVisualStudioVersion = 10.0.40219.1
Project("{9A19103F-16F7-4668-BE54-9A1E7A4F7556}") = "SimpleUdp", "SimpleUdp\SimpleUdp.csproj", "{13B36B6B-6B6A-430E-A631-B75A8C87AB22}"
EndProject
Project("{9A19103F-16F7-4668-BE54-9A1E7A4F7556}") = "Node", "Node\Node.csproj", "{C75CD2A7-FCBB-48A5-B0FC-98A06CA8B6CB}"
EndProject
Project("{FAE04EC0-301F-11D3-BF4B-00C04F79EFBC}") = "Test.Shared", "..\test\Test.Shared\Test.Shared.csproj", "{31BB1E7F-EE90-4C42-B736-9B427A85FF6E}"
EndProject
Project("{FAE04EC0-301F-11D3-BF4B-00C04F79EFBC}") = "Test.Automated", "..\test\Test.Automated\Test.Automated.csproj", "{1B887825-9FE7-48A8-A3FB-E1B5EB399855}"
EndProject
Project("{FAE04EC0-301F-11D3-BF4B-00C04F79EFBC}") = "Test.Xunit", "..\test\Test.Xunit\Test.Xunit.csproj", "{D5F2AAEA-D633-44AA-915F-BA303BCD07B6}"
EndProject
Project("{FAE04EC0-301F-11D3-BF4B-00C04F79EFBC}") = "Test.Nunit", "..\test\Test.Nunit\Test.Nunit.csproj", "{5F62D9B6-6549-4202-B031-4C39E7C2691D}"
EndProject
Global
	GlobalSection(SolutionConfigurationPlatforms) = preSolution
		Debug|Any CPU = Debug|Any CPU
		Debug|x64 = Debug|x64
		Debug|x86 = Debug|x86
		Release|Any CPU = Release|Any CPU
		Release|x64 = Release|x64
		Release|x86 = Release|x86
	EndGlobalSection
	GlobalSection(ProjectConfigurationPlatforms) = postSolution
		{13B36B6B-6B6A-430E-A631-B75A8C87AB22}.Debug|Any CPU.ActiveCfg = Debug|Any CPU
		{13B36B6B-6B6A-430E-A631-B75A8C87AB22}.Debug|Any CPU.Build.0 = Debug|Any CPU
		{13B36B6B-6B6A-430E-A631-B75A8C87AB22}.Debug|x64.ActiveCfg = Debug|Any CPU
		{13B36B6B-6B6A-430E-A631-B75A8C87AB22}.Debug|x64.Build.0 = Debug|Any CPU
		{13B36B6B-6B6A-430E-A631-B75A8C87AB22}.Debug|x86.ActiveCfg = Debug|Any CPU
		{13B36B6B-6B6A-430E-A631-B75A8C87AB22}.Debug|x86.Build.0 = Debug|Any CPU
		{13B36B6B-6B6A-430E-A631-B75A8C87AB22}.Release|Any CPU.ActiveCfg = Release|Any CPU
		{13B36B6B-6B6A-430E-A631-B75A8C87AB22}.Release|Any CPU.Build.0 = Release|Any CPU
		{13B36B6B-6B6A-430E-A631-B75A8C87AB22}.Release|x64.ActiveCfg = Release|Any CPU
		{13B36B6B-6B6A-430E-A631-B75A8C87AB22}.Release|x64.Build.0 = Release|Any CPU
		{13B36B6B-6B6A-430E-A631-B75A8C87AB22}.Release|x86.ActiveCfg = Release|Any CPU
		{13B36B6B-6B6A-430E-A631-B75A8C87AB22}.Release|x86.Build.0 = Release|Any CPU
		{C75CD2A7-FCBB-48A5-B0FC-98A06CA8B6CB}.Debug|Any CPU.ActiveCfg = Debug|Any CPU
		{C75CD2A7-FCBB-48A5-B0FC-98A06CA8B6CB}.Debug|Any CPU.Build.0 = Debug|Any CPU
		{C75CD2A7-FCBB-48A5-B0FC-98A06CA8B6CB}.Debug|x64.ActiveCfg = Debug|Any CPU
		{C75CD2A7-FCBB-48A5-B0FC-98A06CA8B6CB}.Debug|x64.Build.0 = Debug|Any CPU
		{C75CD2A7-FCBB-48A5-B0FC-98A06CA8B6CB}.Debug|x86.ActiveCfg = Debug|Any CPU
		{C75CD2A7-FCBB-48A5-B0FC-98A06CA8B6CB}.Debug|x86.Build.0 = Debug|Any CPU
		{C75CD2A7-FCBB-48A5-B0FC-98A06CA8B6CB}.Release|Any CPU.ActiveCfg = Release|Any CPU
		{C75CD2A7-FCBB-48A5-B0FC-98A06CA8B6CB}.Release|Any CPU.Build.0 = Release|Any CPU
		{C75CD2A7-FCBB-48A5-B0FC-98A06CA8B6CB}.Release|x64.ActiveCfg = Release|Any CPU
		{C75CD2A7-FCBB-48A5-B0FC-98A06CA8B6CB}.Release|x64.Build.0 = Release|Any CPU
		{C75CD2A7-FCBB-48A5-B0FC-98A06CA8B6CB}.Release|x86.ActiveCfg = Release|Any CPU
		{C75CD2A7-FCBB-48A5-B0FC-98A06CA8B6CB}.Release|x86.Build.0 = Release|Any CPU
		{31BB1E7F-EE90-4C42-B736-9B427A85FF6E}.Debug|Any CPU.ActiveCfg = Debug|Any CPU
		{31BB1E7F-EE90-4C42-B736-9B427A85FF6E}.Debug|Any CPU.Build.0 = Debug|Any CPU
		{31BB1E7F-EE90-4C42-B736-9B427A85FF6E}.Debug|x64.ActiveCfg = Debug|Any CPU
		{31BB1E7F-EE90-4C42-B736-9B427A85FF6E}.Debug|x64.Build.0 = Debug|Any CPU
		{31BB1E7F-EE90-4C42-B736-9B427A85FF6E}.Debug|x86.ActiveCfg = Debug|Any CPU
		{31BB1E7F-EE90-4C42-B736-9B427A85FF6E}.Debug|x86.Build.0 = Debug|Any CPU
		{31BB1E7F-EE90-4C42-B736-9B427A85FF6E}.Release|Any CPU.ActiveCfg = Release|Any CPU
		{31BB1E7F-EE90-4C42-B736-9B427A85FF6E}.Release|Any CPU.Build.0 = Release|Any CPU
		{31BB1E7F-EE90-4C42-B736-9B427A85FF6E}.Release|x64.ActiveCfg = Release|Any CPU
		{31BB1E7F-EE90-4C42-B736-9B427A85FF6E}.Release|x64.Build.0 = Release|Any CPU
		{31BB1E7F-EE90-4C42-B736-9B427A85FF6E}.Release|x86.ActiveCfg = Release|Any CPU
		{31BB1E7F-EE90-4C42-B736-9B427A85FF6E}.Release|x86.Build.0 = Release|Any CPU
		{1B887825-9FE7-48A8-A3FB-E1B5EB399855}.Debug|Any CPU.ActiveCfg = Debug|Any CPU
		{1B887825-9FE7-48A8-A3FB-E1B5EB399855}.Debug|Any CPU.Build.0 = Debug|Any CPU
		{1B887825-9FE7-48A8-A3FB-E1B5EB399855}.Debug|x64.ActiveCfg = Debug|Any CPU
		{1B887825-9FE7-48A8-A3FB-E1B5EB399855}.Debug|x64.Build.0 = Debug|Any CPU
		{1B887825-9FE7-48A8-A3FB-E1B5EB399855}.Debug|x86.ActiveCfg = Debug|Any CPU
		{1B887825-9FE7-48A8-A3FB-E1B5EB399855}.Debug|x86.Build.0 = Debug|Any CPU
		{1B887825-9FE7-48A8-A3FB-E1B5EB399855}.Release|Any CPU.ActiveCfg = Release|Any CPU
		{1B887825-9FE7-48A8-A3FB-E1B5EB399855}.Release|Any CPU.Build.0 = Release|Any CPU
		{1B887825-9FE7-48A8-A3FB-E1B5EB399855}.Release|x64.ActiveCfg = Release|Any CPU
		{1B887825-9FE7-48A8-A3FB-E1B5EB399855}.Release|x64.Build.0 = Release|Any CPU
		{1B887825-9FE7-48A8-A3FB-E1B5EB399855}.Release|x86.ActiveCfg = Release|Any CPU
		{1B887825-9FE7-48A8-A3FB-E1B5EB399855}.Release|x86.Build.0 = Release|Any CPU
		{D5F2AAEA-D633-44AA-915F-BA303BCD07B6}.Debug|Any CPU.ActiveCfg = Debug|Any CPU
		{D5F2AAEA-D633-44AA-915F-BA303BCD07B6}.Debug|Any CPU.Build.0 = Debug|Any CPU
		{D5F2AAEA-D633-44AA-915F-BA303BCD07B6}.Debug|x64.ActiveCfg = Debug|Any CPU
		{D5F2AAEA-D633-44AA-915F-BA303BCD07B6}.Debug|x64.Build.0 = Debug|Any CPU
		{D5F2AAEA-D633-44AA-915F-BA303BCD07B6}.Debug|x86.ActiveCfg = Debug|Any CPU
		{D5F2AAEA-D633-44AA-915F-BA303BCD07B6}.Debug|x86.Build.0 = Debug|Any CPU
		{D5F2AAEA-D633-44AA-915F-BA303BCD07B6}.Release|Any CPU.ActiveCfg = Release|Any CPU
		{D5F2AAEA-D633-44AA-915F-BA303BCD07B6}.Release|Any CPU.Build.0 = Release|Any CPU
		{D5F2AAEA-D633-44AA-915F-BA303BCD07B6}.Release|x64.ActiveCfg = Release|Any CPU
		{D5F2AAEA-D633-44AA-915F-BA303BCD07B6}.Release|x64.Build.0 = Release|Any CPU
		{D5F2AAEA-D633-44AA-915F-BA303BCD07B6}.Release|x86.ActiveCfg = Release|Any CPU
		{D5F2AAEA-D633-44AA-915F-BA303BCD07B6}.Release|x86.Build.0 = Release|Any CPU
		{5F62D9B6-6549-4202-B031-4C39E7C2691D}.Debug|Any CPU.ActiveCfg = Debug|Any CPU
		{5F62D9B6-6549-4202-B031-4C39E7C2691D}.Debug|Any CPU.Build.0 = Debug|Any CPU
		{5F62D9B6-6549-4202-B031-4C39E7C2691D}.Debug|x64.ActiveCfg = Debug|Any CPU
		{5F62D9B6-6549-4202-B031-4C39E7C2691D}.Debug|x64.Build.0 = Debug|Any CPU
		{5F62D9B6-6549-4202-B031-4C39E7C2691D}.Debug|x86.ActiveCfg = Debug|Any CPU
		{5F62D9B6-6549-4202-B031-4C39E7C2691D}.Debug|x86.Build.0 = Debug|Any CPU
		{5F62D9B6-6549-4202-B031-4C39E7C2691D}.Release|Any CPU.ActiveCfg = Release|Any CPU
		{5F62D9B6-6549-4202-B031-4C39E7C2691D}.Release|Any CPU.Build.0 = Release|Any CPU
		{5F62D9B6-6549-4202-B031-4C39E7C2691D}.Release|x64.ActiveCfg = Release|Any CPU
		{5F62D9B6-6549-4202-B031-4C39E7C2691D}.Release|x64.Build.0 = Release|Any CPU
		{5F62D9B6-6549-4202-B031-4C39E7C2691D}.Release|x86.ActiveCfg = Release|Any CPU
		{5F62D9B6-6549-4202-B031-4C39E7C2691D}.Release|x86.Build.0 = Release|Any CPU
	EndGlobalSection
	GlobalSection(SolutionProperties) = preSolution
		HideSolutionNode = FALSE
	EndGlobalSection
	GlobalSection(ExtensibilityGlobals) = postSolution
		SolutionGuid = {5A2BCD14-57CA-4605-B694-66332F0B910A}
	EndGlobalSection
EndGlobal
